
Microsoft Visual Studio Solution File, Format Version 12.00
# Visual Studio 2013
VisualStudioVersion = 12.0.30110.0
MinimumVisualStudioVersion = 10.0.40219.1
Project("{2150E333-8FDC-42A3-9474-1A3956D46DE8}") = "UI", "UI", "{DA67351C-313B-44F1-B64E-64CCE08371F9}"
EndProject
Project("{2150E333-8FDC-42A3-9474-1A3956D46DE8}") = "Business Layer Interfaces", "Business Layer Interfaces", "{23A383D5-9763-4CEB-80C5-61236F777A07}"
EndProject
Project("{2150E333-8FDC-42A3-9474-1A3956D46DE8}") = "Repository Interfaces", "Repository Interfaces", "{67C44E07-31AE-45E1-9F63-91C04252F03D}"
EndProject
Project("{2150E333-8FDC-42A3-9474-1A3956D46DE8}") = "Domain Entities", "Domain Entities", "{D3085BED-E7B8-4300-BCEC-8088EA7194F6}"
EndProject
Project("{2150E333-8FDC-42A3-9474-1A3956D46DE8}") = "Common", "Common", "{6D0E74AA-E1CF-48E0-AA66-25F7A6FAB799}"
EndProject
Project("{2150E333-8FDC-42A3-9474-1A3956D46DE8}") = "Dependency Resolvers", "Dependency Resolvers", "{6EEF947E-3F9D-4E70-B796-BBF467508DDB}"
EndProject
Project("{2150E333-8FDC-42A3-9474-1A3956D46DE8}") = "Dependencies", "Dependencies", "{B151943B-9008-4300-98B6-0F82DFFE4C00}"
EndProject
Project("{FAE04EC0-301F-11D3-BF4B-00C04F79EFBC}") = "iTELCO.UI", "UI\iTELCO.UI\iTELCO.UI.csproj", "{66349DBB-A6A6-4622-B411-0AD627569CA2}"
EndProject
Project("{FAE04EC0-301F-11D3-BF4B-00C04F79EFBC}") = "iTELCO.UI.Test", "UI\iTELCO.UI.Test\iTELCO.UI.Test.csproj", "{702E5F8B-95F5-440F-8D6A-E035D7730C50}"
EndProject
Project("{2150E333-8FDC-42A3-9474-1A3956D46DE8}") = "Business", "Business", "{0019ED24-550E-44A4-BE2A-812C2FC3CECB}"
EndProject
Project("{2150E333-8FDC-42A3-9474-1A3956D46DE8}") = "Data", "Data", "{B3BE819B-CE4C-45FC-A052-C7DC4913FF11}"
EndProject
Project("{2150E333-8FDC-42A3-9474-1A3956D46DE8}") = "Infrastructure", "Infrastructure", "{11851C32-C93F-4D48-8C6F-55D78A3CC410}"
EndProject
Project("{FAE04EC0-301F-11D3-BF4B-00C04F79EFBC}") = "iTELCO.BusinessInterfaces", "Business Layer Interfaces\iTELCO.BusinessInterfaces\iTELCO.BusinessInterfaces.csproj", "{DED6E4D7-2F29-43C5-A153-C1C7C9900F75}"
EndProject
Project("{FAE04EC0-301F-11D3-BF4B-00C04F79EFBC}") = "iTELCO.Domain", "Domain Entities\iTELCO.Domain\iTELCO.Domain.csproj", "{E969642C-A66E-4E2E-ABEA-49BAE7D086E7}"
EndProject
Project("{FAE04EC0-301F-11D3-BF4B-00C04F79EFBC}") = "iTELCO.RepositoryInterfaces", "Repository Interfaces\iTELCO.RepositoryInterfaces\iTELCO.RepositoryInterfaces.csproj", "{7AD6A117-640E-4C79-AE27-58603EFF7058}"
EndProject
Project("{FAE04EC0-301F-11D3-BF4B-00C04F79EFBC}") = "iTELCO.Domain.Tests", "Domain Entities\iTELCO.Domain.Tests\iTELCO.Domain.Tests.csproj", "{FAA50BDA-5D87-4A84-8CAE-5E235AC4A2E1}"
EndProject
Project("{FAE04EC0-301F-11D3-BF4B-00C04F79EFBC}") = "iTELCO.DependencyResolver.Web", "Dependency Resolvers\iTELCO.DependencyResolver.Web\iTELCO.DependencyResolver.Web.csproj", "{A967F970-4F53-4A89-BA43-C9E183DE8E3E}"
EndProject
Project("{FAE04EC0-301F-11D3-BF4B-00C04F79EFBC}") = "iTELCO.Common", "Common\iTELCO.Common\iTELCO.Common.csproj", "{A1A0AEEC-FE18-4F2F-A761-2E9882C4B536}"
EndProject
Project("{FAE04EC0-301F-11D3-BF4B-00C04F79EFBC}") = "iTELCO.Common.Test", "Common\iTELCO.Common.Test\iTELCO.Common.Test.csproj", "{116FB500-5561-42B7-8FAB-10661D2F00BF}"
EndProject
Project("{FAE04EC0-301F-11D3-BF4B-00C04F79EFBC}") = "iTELCO.Dependencies.Data", "Dependencies\Data\iTELCO.Dependencies.Data\iTELCO.Dependencies.Data.csproj", "{BF316D99-03E0-4870-8BB7-377317A886DC}"
EndProject
Project("{FAE04EC0-301F-11D3-BF4B-00C04F79EFBC}") = "iTELCO.Dependecies.Business", "Dependencies\Business\iTELCO.Dependecies.Business\iTELCO.Dependecies.Business.csproj", "{063DE7D7-EE5F-4144-8A7B-16B08709061C}"
EndProject
Project("{FAE04EC0-301F-11D3-BF4B-00C04F79EFBC}") = "iTELCO.Infrastructure.Log4NetProvider", "Dependencies\Infrastructure\iTELCO.Infrastructure.Log4NetProvider\iTELCO.Infrastructure.Log4NetProvider.csproj", "{F6E0E341-9EF4-45BF-A9CC-F8B964CE4D66}"
EndProject
Project("{FAE04EC0-301F-11D3-BF4B-00C04F79EFBC}") = "iTELCO.Infrastructure.WebMatrixSecurity", "Dependencies\Infrastructure\iTELCO.Infrastructure.WebMatrixSecurity\iTELCO.Infrastructure.WebMatrixSecurity.csproj", "{93DEAA93-A393-4207-9FA8-902157B56A2D}"
EndProject
Global
	GlobalSection(SolutionConfigurationPlatforms) = preSolution
		Debug|Any CPU = Debug|Any CPU
		Release|Any CPU = Release|Any CPU
	EndGlobalSection
	GlobalSection(ProjectConfigurationPlatforms) = postSolution
		{66349DBB-A6A6-4622-B411-0AD627569CA2}.Debug|Any CPU.ActiveCfg = Debug|Any CPU
		{66349DBB-A6A6-4622-B411-0AD627569CA2}.Debug|Any CPU.Build.0 = Debug|Any CPU
		{66349DBB-A6A6-4622-B411-0AD627569CA2}.Release|Any CPU.ActiveCfg = Release|Any CPU
		{66349DBB-A6A6-4622-B411-0AD627569CA2}.Release|Any CPU.Build.0 = Release|Any CPU
		{702E5F8B-95F5-440F-8D6A-E035D7730C50}.Debug|Any CPU.ActiveCfg = Debug|Any CPU
		{702E5F8B-95F5-440F-8D6A-E035D7730C50}.Debug|Any CPU.Build.0 = Debug|Any CPU
		{702E5F8B-95F5-440F-8D6A-E035D7730C50}.Release|Any CPU.ActiveCfg = Release|Any CPU
		{702E5F8B-95F5-440F-8D6A-E035D7730C50}.Release|Any CPU.Build.0 = Release|Any CPU
		{DED6E4D7-2F29-43C5-A153-C1C7C9900F75}.Debug|Any CPU.ActiveCfg = Debug|Any CPU
		{DED6E4D7-2F29-43C5-A153-C1C7C9900F75}.Debug|Any CPU.Build.0 = Debug|Any CPU
		{DED6E4D7-2F29-43C5-A153-C1C7C9900F75}.Release|Any CPU.ActiveCfg = Release|Any CPU
		{DED6E4D7-2F29-43C5-A153-C1C7C9900F75}.Release|Any CPU.Build.0 = Release|Any CPU
		{E969642C-A66E-4E2E-ABEA-49BAE7D086E7}.Debug|Any CPU.ActiveCfg = Debug|Any CPU
		{E969642C-A66E-4E2E-ABEA-49BAE7D086E7}.Debug|Any CPU.Build.0 = Debug|Any CPU
		{E969642C-A66E-4E2E-ABEA-49BAE7D086E7}.Release|Any CPU.ActiveCfg = Release|Any CPU
		{E969642C-A66E-4E2E-ABEA-49BAE7D086E7}.Release|Any CPU.Build.0 = Release|Any CPU
		{7AD6A117-640E-4C79-AE27-58603EFF7058}.Debug|Any CPU.ActiveCfg = Debug|Any CPU
		{7AD6A117-640E-4C79-AE27-58603EFF7058}.Debug|Any CPU.Build.0 = Debug|Any CPU
		{7AD6A117-640E-4C79-AE27-58603EFF7058}.Release|Any CPU.ActiveCfg = Release|Any CPU
		{7AD6A117-640E-4C79-AE27-58603EFF7058}.Release|Any CPU.Build.0 = Release|Any CPU
		{FAA50BDA-5D87-4A84-8CAE-5E235AC4A2E1}.Debug|Any CPU.ActiveCfg = Debug|Any CPU
		{FAA50BDA-5D87-4A84-8CAE-5E235AC4A2E1}.Debug|Any CPU.Build.0 = Debug|Any CPU
		{FAA50BDA-5D87-4A84-8CAE-5E235AC4A2E1}.Release|Any CPU.ActiveCfg = Release|Any CPU
		{FAA50BDA-5D87-4A84-8CAE-5E235AC4A2E1}.Release|Any CPU.Build.0 = Release|Any CPU
		{A967F970-4F53-4A89-BA43-C9E183DE8E3E}.Debug|Any CPU.ActiveCfg = Debug|Any CPU
		{A967F970-4F53-4A89-BA43-C9E183DE8E3E}.Debug|Any CPU.Build.0 = Debug|Any CPU
		{A967F970-4F53-4A89-BA43-C9E183DE8E3E}.Release|Any CPU.ActiveCfg = Release|Any CPU
		{A967F970-4F53-4A89-BA43-C9E183DE8E3E}.Release|Any CPU.Build.0 = Release|Any CPU
		{A1A0AEEC-FE18-4F2F-A761-2E9882C4B536}.Debug|Any CPU.ActiveCfg = Debug|Any CPU
		{A1A0AEEC-FE18-4F2F-A761-2E9882C4B536}.Debug|Any CPU.Build.0 = Debug|Any CPU
		{A1A0AEEC-FE18-4F2F-A761-2E9882C4B536}.Release|Any CPU.ActiveCfg = Release|Any CPU
		{A1A0AEEC-FE18-4F2F-A761-2E9882C4B536}.Release|Any CPU.Build.0 = Release|Any CPU
		{116FB500-5561-42B7-8FAB-10661D2F00BF}.Debug|Any CPU.ActiveCfg = Debug|Any CPU
		{116FB500-5561-42B7-8FAB-10661D2F00BF}.Debug|Any CPU.Build.0 = Debug|Any CPU
		{116FB500-5561-42B7-8FAB-10661D2F00BF}.Release|Any CPU.ActiveCfg = Release|Any CPU
		{116FB500-5561-42B7-8FAB-10661D2F00BF}.Release|Any CPU.Build.0 = Release|Any CPU
		{BF316D99-03E0-4870-8BB7-377317A886DC}.Debug|Any CPU.ActiveCfg = Debug|Any CPU
		{BF316D99-03E0-4870-8BB7-377317A886DC}.Debug|Any CPU.Build.0 = Debug|Any CPU
		{BF316D99-03E0-4870-8BB7-377317A886DC}.Release|Any CPU.ActiveCfg = Release|Any CPU
		{BF316D99-03E0-4870-8BB7-377317A886DC}.Release|Any CPU.Build.0 = Release|Any CPU
		{063DE7D7-EE5F-4144-8A7B-16B08709061C}.Debug|Any CPU.ActiveCfg = Debug|Any CPU
		{063DE7D7-EE5F-4144-8A7B-16B08709061C}.Debug|Any CPU.Build.0 = Debug|Any CPU
		{063DE7D7-EE5F-4144-8A7B-16B08709061C}.Release|Any CPU.ActiveCfg = Release|Any CPU
		{063DE7D7-EE5F-4144-8A7B-16B08709061C}.Release|Any CPU.Build.0 = Release|Any CPU
		{F6E0E341-9EF4-45BF-A9CC-F8B964CE4D66}.Debug|Any CPU.ActiveCfg = Debug|Any CPU
		{F6E0E341-9EF4-45BF-A9CC-F8B964CE4D66}.Debug|Any CPU.Build.0 = Debug|Any CPU
		{F6E0E341-9EF4-45BF-A9CC-F8B964CE4D66}.Release|Any CPU.ActiveCfg = Release|Any CPU
		{F6E0E341-9EF4-45BF-A9CC-F8B964CE4D66}.Release|Any CPU.Build.0 = Release|Any CPU
		{93DEAA93-A393-4207-9FA8-902157B56A2D}.Debug|Any CPU.ActiveCfg = Debug|Any CPU
		{93DEAA93-A393-4207-9FA8-902157B56A2D}.Debug|Any CPU.Build.0 = Debug|Any CPU
		{93DEAA93-A393-4207-9FA8-902157B56A2D}.Release|Any CPU.ActiveCfg = Release|Any CPU
		{93DEAA93-A393-4207-9FA8-902157B56A2D}.Release|Any CPU.Build.0 = Release|Any CPU
	EndGlobalSection
	GlobalSection(SolutionProperties) = preSolution
		HideSolutionNode = FALSE
	EndGlobalSection
	GlobalSection(NestedProjects) = preSolution
		{66349DBB-A6A6-4622-B411-0AD627569CA2} = {DA67351C-313B-44F1-B64E-64CCE08371F9}
		{702E5F8B-95F5-440F-8D6A-E035D7730C50} = {DA67351C-313B-44F1-B64E-64CCE08371F9}
		{DED6E4D7-2F29-43C5-A153-C1C7C9900F75} = {23A383D5-9763-4CEB-80C5-61236F777A07}
		{7AD6A117-640E-4C79-AE27-58603EFF7058} = {67C44E07-31AE-45E1-9F63-91C04252F03D}
		{E969642C-A66E-4E2E-ABEA-49BAE7D086E7} = {D3085BED-E7B8-4300-BCEC-8088EA7194F6}
		{FAA50BDA-5D87-4A84-8CAE-5E235AC4A2E1} = {D3085BED-E7B8-4300-BCEC-8088EA7194F6}
		{A1A0AEEC-FE18-4F2F-A761-2E9882C4B536} = {6D0E74AA-E1CF-48E0-AA66-25F7A6FAB799}
		{116FB500-5561-42B7-8FAB-10661D2F00BF} = {6D0E74AA-E1CF-48E0-AA66-25F7A6FAB799}
		{A967F970-4F53-4A89-BA43-C9E183DE8E3E} = {6EEF947E-3F9D-4E70-B796-BBF467508DDB}
		{0019ED24-550E-44A4-BE2A-812C2FC3CECB} = {B151943B-9008-4300-98B6-0F82DFFE4C00}
		{B3BE819B-CE4C-45FC-A052-C7DC4913FF11} = {B151943B-9008-4300-98B6-0F82DFFE4C00}
		{11851C32-C93F-4D48-8C6F-55D78A3CC410} = {B151943B-9008-4300-98B6-0F82DFFE4C00}
		{063DE7D7-EE5F-4144-8A7B-16B08709061C} = {0019ED24-550E-44A4-BE2A-812C2FC3CECB}
		{BF316D99-03E0-4870-8BB7-377317A886DC} = {B3BE819B-CE4C-45FC-A052-C7DC4913FF11}
		{F6E0E341-9EF4-45BF-A9CC-F8B964CE4D66} = {11851C32-C93F-4D48-8C6F-55D78A3CC410}
		{93DEAA93-A393-4207-9FA8-902157B56A2D} = {11851C32-C93F-4D48-8C6F-55D78A3CC410}
	EndGlobalSection
EndGlobal
